
Microsoft Visual Studio Solution File, Format Version 12.00
# Visual Studio Version 17
VisualStudioVersion = 17.2.32630.192
MinimumVisualStudioVersion = 10.0.40219.1
Project("{9A19103F-16F7-4668-BE54-9A1E7A4F7556}") = "F10Y.NG0020.Construction", "F10Y.NG0020.Construction\F10Y.NG0020.Construction.csproj", "{5A173F97-6CEB-451C-B6DC-91A56C35E7C0}"
EndProject
Project("{9A19103F-16F7-4668-BE54-9A1E7A4F7556}") = "F10Y.NG0020", "F10Y.NG0020\F10Y.NG0020.csproj", "{06A3776E-9C15-4CA3-99B0-20E678A3ADBE}"
EndProject
Global
	GlobalSection(SolutionConfigurationPlatforms) = preSolution
		Debug|Any CPU = Debug|Any CPU
		Release|Any CPU = Release|Any CPU
	EndGlobalSection
	GlobalSection(ProjectConfigurationPlatforms) = postSolution
		{5A173F97-6CEB-451C-B6DC-91A56C35E7C0}.Debug|Any CPU.ActiveCfg = Debug|Any CPU
		{5A173F97-6CEB-451C-B6DC-91A56C35E7C0}.Debug|Any CPU.Build.0 = Debug|Any CPU
		{5A173F97-6CEB-451C-B6DC-91A56C35E7C0}.Release|Any CPU.ActiveCfg = Release|Any CPU
		{5A173F97-6CEB-451C-B6DC-91A56C35E7C0}.Release|Any CPU.Build.0 = Release|Any CPU
		{06A3776E-9C15-4CA3-99B0-20E678A3ADBE}.Debug|Any CPU.ActiveCfg = Debug|Any CPU
		{06A3776E-9C15-4CA3-99B0-20E678A3ADBE}.Debug|Any CPU.Build.0 = Debug|Any CPU
		{06A3776E-9C15-4CA3-99B0-20E678A3ADBE}.Release|Any CPU.ActiveCfg = Release|Any CPU
		{06A3776E-9C15-4CA3-99B0-20E678A3ADBE}.Release|Any CPU.Build.0 = Release|Any CPU
	EndGlobalSection
	GlobalSection(SolutionProperties) = preSolution
		HideSolutionNode = FALSE
	EndGlobalSection
	GlobalSection(ExtensibilityGlobals) = postSolution
		SolutionGuid = {6AD0038A-8A57-4D88-A7F7-391C1E911F9C}
	EndGlobalSection
EndGlobal
