
Microsoft Visual Studio Solution File, Format Version 12.00
# Visual Studio Version 17
VisualStudioVersion = 17.2.32630.192
MinimumVisualStudioVersion = 10.0.40219.1
Project("{9A19103F-16F7-4668-BE54-9A1E7A4F7556}") = "F10Y.NG0020", "F10Y.NG0020\F10Y.NG0020.csproj", "{D3B201ED-417D-42C6-BB17-C18D51FD8C3B}"
EndProject
Global
	GlobalSection(SolutionConfigurationPlatforms) = preSolution
		Debug|Any CPU = Debug|Any CPU
		Release|Any CPU = Release|Any CPU
	EndGlobalSection
	GlobalSection(ProjectConfigurationPlatforms) = postSolution
		{D3B201ED-417D-42C6-BB17-C18D51FD8C3B}.Debug|Any CPU.ActiveCfg = Debug|Any CPU
		{D3B201ED-417D-42C6-BB17-C18D51FD8C3B}.Debug|Any CPU.Build.0 = Debug|Any CPU
		{D3B201ED-417D-42C6-BB17-C18D51FD8C3B}.Release|Any CPU.ActiveCfg = Release|Any CPU
		{D3B201ED-417D-42C6-BB17-C18D51FD8C3B}.Release|Any CPU.Build.0 = Release|Any CPU
	EndGlobalSection
	GlobalSection(SolutionProperties) = preSolution
		HideSolutionNode = FALSE
	EndGlobalSection
	GlobalSection(ExtensibilityGlobals) = postSolution
		SolutionGuid = {E8978211-7773-4B08-8AD7-7AF1499C9D8F}
	EndGlobalSection
EndGlobal
